
Microsoft Visual Studio Solution File, Format Version 12.00
# Visual Studio Version 16
VisualStudioVersion = 16.0.34601.136
MinimumVisualStudioVersion = 10.0.40219.1
Project("{FAE04EC0-301F-11D3-BF4B-00C04F79EFBC}") = "QuanLyCafe", "QuanLyCafe\QuanLyCafe.csproj", "{1340B234-A838-45BF-B6E7-45D88A8037FC}"
EndProject
Global
	GlobalSection(SolutionConfigurationPlatforms) = preSolution
		Debug|Any CPU = Debug|Any CPU
		Release|Any CPU = Release|Any CPU
	EndGlobalSection
	GlobalSection(ProjectConfigurationPlatforms) = postSolution
		{1340B234-A838-45BF-B6E7-45D88A8037FC}.Debug|Any CPU.ActiveCfg = Debug|Any CPU
		{1340B234-A838-45BF-B6E7-45D88A8037FC}.Debug|Any CPU.Build.0 = Debug|Any CPU
		{1340B234-A838-45BF-B6E7-45D88A8037FC}.Release|Any CPU.ActiveCfg = Release|Any CPU
		{1340B234-A838-45BF-B6E7-45D88A8037FC}.Release|Any CPU.Build.0 = Release|Any CPU
	EndGlobalSection
	GlobalSection(SolutionProperties) = preSolution
		HideSolutionNode = FALSE
	EndGlobalSection
	GlobalSection(ExtensibilityGlobals) = postSolution
		SolutionGuid = {5DDE39A2-0DBE-431E-B657-37F6F1E84D43}
	EndGlobalSection
EndGlobal
